
Microsoft Visual Studio Solution File, Format Version 12.00
# Visual Studio Version 16
VisualStudioVersion = 16.0.31624.102
MinimumVisualStudioVersion = 10.0.40219.1
Project("{FAE04EC0-301F-11D3-BF4B-00C04F79EFBC}") = "ConsoleApp1", "ConsoleApp1\ConsoleApp1.csproj", "{A43CF1CB-C9CA-452D-80F1-33ADCD11474C}"
EndProject
Global
	GlobalSection(SolutionConfigurationPlatforms) = preSolution
		Debug|Any CPU = Debug|Any CPU
		Release|Any CPU = Release|Any CPU
	EndGlobalSection
	GlobalSection(ProjectConfigurationPlatforms) = postSolution
		{A43CF1CB-C9CA-452D-80F1-33ADCD11474C}.Debug|Any CPU.ActiveCfg = Debug|Any CPU
		{A43CF1CB-C9CA-452D-80F1-33ADCD11474C}.Debug|Any CPU.Build.0 = Debug|Any CPU
		{A43CF1CB-C9CA-452D-80F1-33ADCD11474C}.Release|Any CPU.ActiveCfg = Release|Any CPU
		{A43CF1CB-C9CA-452D-80F1-33ADCD11474C}.Release|Any CPU.Build.0 = Release|Any CPU
	EndGlobalSection
	GlobalSection(SolutionProperties) = preSolution
		HideSolutionNode = FALSE
	EndGlobalSection
	GlobalSection(ExtensibilityGlobals) = postSolution
		SolutionGuid = {000ECFA6-D0C2-4A56-85EE-DB8CB718243E}
	EndGlobalSection
EndGlobal
